
Microsoft Visual Studio Solution File, Format Version 12.00
# Visual Studio 15
VisualStudioVersion = 15.0.27428.2027
MinimumVisualStudioVersion = 10.0.40219.1
Project("{FAE04EC0-301F-11D3-BF4B-00C04F79EFBC}") = "FirmaConsole", "FirmaConsole\FirmaConsole.csproj", "{011E085C-BC0A-42E3-A8CE-110E838BBA27}"
EndProject
Project("{FAE04EC0-301F-11D3-BF4B-00C04F79EFBC}") = "Firma", "Firma\Firma.csproj", "{15F30543-0C6C-4A0D-9F05-F6EF8E81C68C}"
EndProject
Project("{FAE04EC0-301F-11D3-BF4B-00C04F79EFBC}") = "FirmaApp", "FirmaApp\FirmaApp.csproj", "{63FB78CC-B8AB-47D4-BD5E-B672525AAE80}"
EndProject
Project("{FAE04EC0-301F-11D3-BF4B-00C04F79EFBC}") = "ValidaciónFirma", "ValidaciónFirma\ValidaciónFirma.csproj", "{27B37888-595F-449B-BFCB-F2A983198EF2}"
EndProject
Project("{FAE04EC0-301F-11D3-BF4B-00C04F79EFBC}") = "AplicacionFirma", "AplicacionFirma\AplicacionFirma.csproj", "{50DE0185-ABD5-42E3-8900-1496642A12D5}"
EndProject
Global
	GlobalSection(SolutionConfigurationPlatforms) = preSolution
		Debug|Any CPU = Debug|Any CPU
		Release|Any CPU = Release|Any CPU
	EndGlobalSection
	GlobalSection(ProjectConfigurationPlatforms) = postSolution
		{011E085C-BC0A-42E3-A8CE-110E838BBA27}.Debug|Any CPU.ActiveCfg = Debug|Any CPU
		{011E085C-BC0A-42E3-A8CE-110E838BBA27}.Debug|Any CPU.Build.0 = Debug|Any CPU
		{011E085C-BC0A-42E3-A8CE-110E838BBA27}.Release|Any CPU.ActiveCfg = Release|Any CPU
		{011E085C-BC0A-42E3-A8CE-110E838BBA27}.Release|Any CPU.Build.0 = Release|Any CPU
		{15F30543-0C6C-4A0D-9F05-F6EF8E81C68C}.Debug|Any CPU.ActiveCfg = Debug|Any CPU
		{15F30543-0C6C-4A0D-9F05-F6EF8E81C68C}.Debug|Any CPU.Build.0 = Debug|Any CPU
		{15F30543-0C6C-4A0D-9F05-F6EF8E81C68C}.Release|Any CPU.ActiveCfg = Release|Any CPU
		{15F30543-0C6C-4A0D-9F05-F6EF8E81C68C}.Release|Any CPU.Build.0 = Release|Any CPU
		{63FB78CC-B8AB-47D4-BD5E-B672525AAE80}.Debug|Any CPU.ActiveCfg = Debug|Any CPU
		{63FB78CC-B8AB-47D4-BD5E-B672525AAE80}.Debug|Any CPU.Build.0 = Debug|Any CPU
		{63FB78CC-B8AB-47D4-BD5E-B672525AAE80}.Release|Any CPU.ActiveCfg = Release|Any CPU
		{63FB78CC-B8AB-47D4-BD5E-B672525AAE80}.Release|Any CPU.Build.0 = Release|Any CPU
		{27B37888-595F-449B-BFCB-F2A983198EF2}.Debug|Any CPU.ActiveCfg = Debug|Any CPU
		{27B37888-595F-449B-BFCB-F2A983198EF2}.Debug|Any CPU.Build.0 = Debug|Any CPU
		{27B37888-595F-449B-BFCB-F2A983198EF2}.Release|Any CPU.ActiveCfg = Release|Any CPU
		{27B37888-595F-449B-BFCB-F2A983198EF2}.Release|Any CPU.Build.0 = Release|Any CPU
		{50DE0185-ABD5-42E3-8900-1496642A12D5}.Debug|Any CPU.ActiveCfg = Debug|Any CPU
		{50DE0185-ABD5-42E3-8900-1496642A12D5}.Debug|Any CPU.Build.0 = Debug|Any CPU
		{50DE0185-ABD5-42E3-8900-1496642A12D5}.Release|Any CPU.ActiveCfg = Release|Any CPU
		{50DE0185-ABD5-42E3-8900-1496642A12D5}.Release|Any CPU.Build.0 = Release|Any CPU
	EndGlobalSection
	GlobalSection(SolutionProperties) = preSolution
		HideSolutionNode = FALSE
	EndGlobalSection
	GlobalSection(ExtensibilityGlobals) = postSolution
		SolutionGuid = {39BE14CB-E39D-4852-940F-EB2EEFC34C9D}
	EndGlobalSection
EndGlobal
